
Microsoft Visual Studio Solution File, Format Version 12.00
# Visual Studio Version 16
VisualStudioVersion = 16.0.29609.76
MinimumVisualStudioVersion = 10.0.40219.1
Project("{FAE04EC0-301F-11D3-BF4B-00C04F79EFBC}") = "Covid19v3", "Covid19v3\Covid19v3.csproj", "{B5687D75-6B63-49F5-9253-EEA3B05023A7}"
EndProject
Global
	GlobalSection(SolutionConfigurationPlatforms) = preSolution
		Debug|Any CPU = Debug|Any CPU
		Release|Any CPU = Release|Any CPU
	EndGlobalSection
	GlobalSection(ProjectConfigurationPlatforms) = postSolution
		{B5687D75-6B63-49F5-9253-EEA3B05023A7}.Debug|Any CPU.ActiveCfg = Debug|Any CPU
		{B5687D75-6B63-49F5-9253-EEA3B05023A7}.Debug|Any CPU.Build.0 = Debug|Any CPU
		{B5687D75-6B63-49F5-9253-EEA3B05023A7}.Release|Any CPU.ActiveCfg = Release|Any CPU
		{B5687D75-6B63-49F5-9253-EEA3B05023A7}.Release|Any CPU.Build.0 = Release|Any CPU
	EndGlobalSection
	GlobalSection(SolutionProperties) = preSolution
		HideSolutionNode = FALSE
	EndGlobalSection
	GlobalSection(ExtensibilityGlobals) = postSolution
		SolutionGuid = {84D36567-0AC9-4A2F-8981-77FCE55E5556}
	EndGlobalSection
EndGlobal
